
Microsoft Visual Studio Solution File, Format Version 12.00
# Visual Studio 15
VisualStudioVersion = 15.0.28307.421
MinimumVisualStudioVersion = 10.0.40219.1
Project("{9A19103F-16F7-4668-BE54-9A1E7A4F7556}") = "ReversiBackEnd", "ReversiBackEnd\ReversiBackEnd.csproj", "{E5C98C42-8609-4A97-A0E2-69458CB0C942}"
EndProject
Global
	GlobalSection(SolutionConfigurationPlatforms) = preSolution
		Debug|Any CPU = Debug|Any CPU
		Release|Any CPU = Release|Any CPU
	EndGlobalSection
	GlobalSection(ProjectConfigurationPlatforms) = postSolution
		{E5C98C42-8609-4A97-A0E2-69458CB0C942}.Debug|Any CPU.ActiveCfg = Debug|Any CPU
		{E5C98C42-8609-4A97-A0E2-69458CB0C942}.Debug|Any CPU.Build.0 = Debug|Any CPU
		{E5C98C42-8609-4A97-A0E2-69458CB0C942}.Release|Any CPU.ActiveCfg = Release|Any CPU
		{E5C98C42-8609-4A97-A0E2-69458CB0C942}.Release|Any CPU.Build.0 = Release|Any CPU
	EndGlobalSection
	GlobalSection(SolutionProperties) = preSolution
		HideSolutionNode = FALSE
	EndGlobalSection
	GlobalSection(ExtensibilityGlobals) = postSolution
		SolutionGuid = {88F60937-4D2F-4D6D-A221-28F55D8A571B}
	EndGlobalSection
EndGlobal
